
Microsoft Visual Studio Solution File, Format Version 12.00
# Visual Studio Version 17
VisualStudioVersion = 17.13.35919.96
MinimumVisualStudioVersion = 10.0.40219.1
Project("{FAE04EC0-301F-11D3-BF4B-00C04F79EFBC}") = "OnlineElectronicsStore.DAL", "OnlineElectronicsStore.DAL\OnlineElectronicsStore.DAL.csproj", "{023B53B9-3F61-4C33-A3D3-09AC2B13430B}"
EndProject
Project("{FAE04EC0-301F-11D3-BF4B-00C04F79EFBC}") = "OnlineElectronicsStore.BLL", "OnlineElectronicsStore.BLL\OnlineElectronicsStore.BLL.csproj", "{100C4E5D-3144-4FC7-BBBE-78F5BD168DD7}"
EndProject
Project("{FAE04EC0-301F-11D3-BF4B-00C04F79EFBC}") = "OnlineElectronicsStore.Domain", "OnlineElectronicsStore.Domain\OnlineElectronicsStore.Domain.csproj", "{9EEF7887-2082-4393-A508-2B5CFD43702E}"
EndProject
Project("{FAE04EC0-301F-11D3-BF4B-00C04F79EFBC}") = "OnlineElectronicsStoreAPI", "OnlineElectronicsStoreAPI\OnlineElectronicsStoreAPI.csproj", "{00030849-4AE5-40EC-AC25-F9A7340329B3}"
EndProject
Global
	GlobalSection(SolutionConfigurationPlatforms) = preSolution
		Debug|Any CPU = Debug|Any CPU
		Debug|x64 = Debug|x64
		Debug|x86 = Debug|x86
		Release|Any CPU = Release|Any CPU
		Release|x64 = Release|x64
		Release|x86 = Release|x86
	EndGlobalSection
	GlobalSection(ProjectConfigurationPlatforms) = postSolution
		{023B53B9-3F61-4C33-A3D3-09AC2B13430B}.Debug|Any CPU.ActiveCfg = Debug|Any CPU
		{023B53B9-3F61-4C33-A3D3-09AC2B13430B}.Debug|Any CPU.Build.0 = Debug|Any CPU
		{023B53B9-3F61-4C33-A3D3-09AC2B13430B}.Debug|x64.ActiveCfg = Debug|Any CPU
		{023B53B9-3F61-4C33-A3D3-09AC2B13430B}.Debug|x64.Build.0 = Debug|Any CPU
		{023B53B9-3F61-4C33-A3D3-09AC2B13430B}.Debug|x86.ActiveCfg = Debug|Any CPU
		{023B53B9-3F61-4C33-A3D3-09AC2B13430B}.Debug|x86.Build.0 = Debug|Any CPU
		{023B53B9-3F61-4C33-A3D3-09AC2B13430B}.Release|Any CPU.ActiveCfg = Release|Any CPU
		{023B53B9-3F61-4C33-A3D3-09AC2B13430B}.Release|Any CPU.Build.0 = Release|Any CPU
		{023B53B9-3F61-4C33-A3D3-09AC2B13430B}.Release|x64.ActiveCfg = Release|Any CPU
		{023B53B9-3F61-4C33-A3D3-09AC2B13430B}.Release|x64.Build.0 = Release|Any CPU
		{023B53B9-3F61-4C33-A3D3-09AC2B13430B}.Release|x86.ActiveCfg = Release|Any CPU
		{023B53B9-3F61-4C33-A3D3-09AC2B13430B}.Release|x86.Build.0 = Release|Any CPU
		{100C4E5D-3144-4FC7-BBBE-78F5BD168DD7}.Debug|Any CPU.ActiveCfg = Debug|Any CPU
		{100C4E5D-3144-4FC7-BBBE-78F5BD168DD7}.Debug|Any CPU.Build.0 = Debug|Any CPU
		{100C4E5D-3144-4FC7-BBBE-78F5BD168DD7}.Debug|x64.ActiveCfg = Debug|Any CPU
		{100C4E5D-3144-4FC7-BBBE-78F5BD168DD7}.Debug|x64.Build.0 = Debug|Any CPU
		{100C4E5D-3144-4FC7-BBBE-78F5BD168DD7}.Debug|x86.ActiveCfg = Debug|Any CPU
		{100C4E5D-3144-4FC7-BBBE-78F5BD168DD7}.Debug|x86.Build.0 = Debug|Any CPU
		{100C4E5D-3144-4FC7-BBBE-78F5BD168DD7}.Release|Any CPU.ActiveCfg = Release|Any CPU
		{100C4E5D-3144-4FC7-BBBE-78F5BD168DD7}.Release|Any CPU.Build.0 = Release|Any CPU
		{100C4E5D-3144-4FC7-BBBE-78F5BD168DD7}.Release|x64.ActiveCfg = Release|Any CPU
		{100C4E5D-3144-4FC7-BBBE-78F5BD168DD7}.Release|x64.Build.0 = Release|Any CPU
		{100C4E5D-3144-4FC7-BBBE-78F5BD168DD7}.Release|x86.ActiveCfg = Release|Any CPU
		{100C4E5D-3144-4FC7-BBBE-78F5BD168DD7}.Release|x86.Build.0 = Release|Any CPU
		{9EEF7887-2082-4393-A508-2B5CFD43702E}.Debug|Any CPU.ActiveCfg = Debug|Any CPU
		{9EEF7887-2082-4393-A508-2B5CFD43702E}.Debug|Any CPU.Build.0 = Debug|Any CPU
		{9EEF7887-2082-4393-A508-2B5CFD43702E}.Debug|x64.ActiveCfg = Debug|Any CPU
		{9EEF7887-2082-4393-A508-2B5CFD43702E}.Debug|x64.Build.0 = Debug|Any CPU
		{9EEF7887-2082-4393-A508-2B5CFD43702E}.Debug|x86.ActiveCfg = Debug|Any CPU
		{9EEF7887-2082-4393-A508-2B5CFD43702E}.Debug|x86.Build.0 = Debug|Any CPU
		{9EEF7887-2082-4393-A508-2B5CFD43702E}.Release|Any CPU.ActiveCfg = Release|Any CPU
		{9EEF7887-2082-4393-A508-2B5CFD43702E}.Release|Any CPU.Build.0 = Release|Any CPU
		{9EEF7887-2082-4393-A508-2B5CFD43702E}.Release|x64.ActiveCfg = Release|Any CPU
		{9EEF7887-2082-4393-A508-2B5CFD43702E}.Release|x64.Build.0 = Release|Any CPU
		{9EEF7887-2082-4393-A508-2B5CFD43702E}.Release|x86.ActiveCfg = Release|Any CPU
		{9EEF7887-2082-4393-A508-2B5CFD43702E}.Release|x86.Build.0 = Release|Any CPU
		{00030849-4AE5-40EC-AC25-F9A7340329B3}.Debug|Any CPU.ActiveCfg = Debug|Any CPU
		{00030849-4AE5-40EC-AC25-F9A7340329B3}.Debug|Any CPU.Build.0 = Debug|Any CPU
		{00030849-4AE5-40EC-AC25-F9A7340329B3}.Debug|x64.ActiveCfg = Debug|Any CPU
		{00030849-4AE5-40EC-AC25-F9A7340329B3}.Debug|x64.Build.0 = Debug|Any CPU
		{00030849-4AE5-40EC-AC25-F9A7340329B3}.Debug|x86.ActiveCfg = Debug|Any CPU
		{00030849-4AE5-40EC-AC25-F9A7340329B3}.Debug|x86.Build.0 = Debug|Any CPU
		{00030849-4AE5-40EC-AC25-F9A7340329B3}.Release|Any CPU.ActiveCfg = Release|Any CPU
		{00030849-4AE5-40EC-AC25-F9A7340329B3}.Release|Any CPU.Build.0 = Release|Any CPU
		{00030849-4AE5-40EC-AC25-F9A7340329B3}.Release|x64.ActiveCfg = Release|Any CPU
		{00030849-4AE5-40EC-AC25-F9A7340329B3}.Release|x64.Build.0 = Release|Any CPU
		{00030849-4AE5-40EC-AC25-F9A7340329B3}.Release|x86.ActiveCfg = Release|Any CPU
		{00030849-4AE5-40EC-AC25-F9A7340329B3}.Release|x86.Build.0 = Release|Any CPU
	EndGlobalSection
	GlobalSection(SolutionProperties) = preSolution
		HideSolutionNode = FALSE
	EndGlobalSection
	GlobalSection(ExtensibilityGlobals) = postSolution
		SolutionGuid = {C6637223-8B0E-4E68-839B-194430249061}
	EndGlobalSection
EndGlobal
